// !$*UTF8*$!
{
	archiveVersion = 1;
	classes = {
	};
	objectVersion = 77;
	objects = {

/* Begin PBXContainerItemProxy section */
		48B997B22DE5BCE300D389AD /* PBXContainerItemProxy */ = {
			isa = PBXContainerItemProxy;
			containerPortal = 48B997992DE5BCE200D389AD /* Project object */;
			proxyType = 1;
			remoteGlobalIDString = 48B997A02DE5BCE200D389AD;
			remoteInfo = Off2Go;
		};
		48B997BC2DE5BCE300D389AD /* PBXContainerItemProxy */ = {
			isa = PBXContainerItemProxy;
			containerPortal = 48B997992DE5BCE200D389AD /* Project object */;
			proxyType = 1;
			remoteGlobalIDString = 48B997A02DE5BCE200D389AD;
			remoteInfo = Off2Go;
		};
/* End PBXContainerItemProxy section */

/* Begin PBXFileReference section */
		48B997A12DE5BCE200D389AD /* Off2Go.app */ = {isa = PBXFileReference; explicitFileType = wrapper.application; includeInIndex = 0; path = Off2Go.app; sourceTree = BUILT_PRODUCTS_DIR; };
		48B997B12DE5BCE300D389AD /* Off2GoTests.xctest */ = {isa = PBXFileReference; explicitFileType = wrapper.cfbundle; includeInIndex = 0; path = Off2GoTests.xctest; sourceTree = BUILT_PRODUCTS_DIR; };
		48B997BB2DE5BCE300D389AD /* Off2GoUITests.xctest */ = {isa = PBXFileReference; explicitFileType = wrapper.cfbundle; includeInIndex = 0; path = Off2GoUITests.xctest; sourceTree = BUILT_PRODUCTS_DIR; };
/* End PBXFileReference section */

/* Begin PBXFileSystemSynchronizedRootGroup section */
		48B997A32DE5BCE200D389AD /* Off2Go */ = {
			isa = PBXFileSystemSynchronizedRootGroup;
			path = Off2Go;
			sourceTree = "<group>";
		};
		48B997B42DE5BCE300D389AD /* Off2GoTests */ = {
			isa = PBXFileSystemSynchronizedRootGroup;
			path = Off2GoTests;
			sourceTree = "<group>";
		};
		48B997BE2DE5BCE300D389AD /* Off2GoUITests */ = {
			isa = PBXFileSystemSynchronizedRootGroup;
			path = Off2GoUITests;
			sourceTree = "<group>";
		};
/* End PBXFileSystemSynchronizedRootGroup section */

/* Begin PBXFrameworksBuildPhase section */
		48B9979E2DE5BCE200D389AD /* Frameworks */ = {
			isa = PBXFrameworksBuildPhase;
			buildActionMask = 2147483647;
			files = (
			);
			runOnlyForDeploymentPostprocessing = 0;
		};
		48B997AE2DE5BCE300D389AD /* Frameworks */ = {
			isa = PBXFrameworksBuildPhase;
			buildActionMask = 2147483647;
			files = (
			);
			runOnlyForDeploymentPostprocessing = 0;
		};
		48B997B82DE5BCE300D389AD /* Frameworks */ = {
			isa = PBXFrameworksBuildPhase;
			buildActionMask = 2147483647;
			files = (
			);
			runOnlyForDeploymentPostprocessing = 0;
		};
/* End PBXFrameworksBuildPhase section */

/* Begin PBXGroup section */
		48B997982DE5BCE200D389AD = {
			isa = PBXGroup;
			children = (
				48B997A32DE5BCE200D389AD /* Off2Go */,
				48B997B42DE5BCE300D389AD /* Off2GoTests */,
				48B997BE2DE5BCE300D389AD /* Off2GoUITests */,
				48B997A22DE5BCE200D389AD /* Products */,
			);
			sourceTree = "<group>";
		};
		48B997A22DE5BCE200D389AD /* Products */ = {
			isa = PBXGroup;
			children = (
				48B997A12DE5BCE200D389AD /* Off2Go.app */,
				48B997B12DE5BCE300D389AD /* Off2GoTests.xctest */,
				48B997BB2DE5BCE300D389AD /* Off2GoUITests.xctest */,
			);
			name = Products;
			sourceTree = "<group>";
		};
/* End PBXGroup section */

/* Begin PBXNativeTarget section */
		48B997A02DE5BCE200D389AD /* Off2Go */ = {
			isa = PBXNativeTarget;
			buildConfigurationList = 48B997C52DE5BCE300D389AD /* Build configuration list for PBXNativeTarget "Off2Go" */;
			buildPhases = (
				48B9979D2DE5BCE200D389AD /* Sources */,
				48B9979E2DE5BCE200D389AD /* Frameworks */,
				48B9979F2DE5BCE200D389AD /* Resources */,
			);
			buildRules = (
			);
			dependencies = (
			);
			fileSystemSynchronizedGroups = (
				48B997A32DE5BCE200D389AD /* Off2Go */,
			);
			name = Off2Go;
			packageProductDependencies = (
			);
			productName = Off2Go;
			productReference = 48B997A12DE5BCE200D389AD /* Off2Go.app */;
			productType = "com.apple.product-type.application";
		};
		48B997B02DE5BCE300D389AD /* Off2GoTests */ = {
			isa = PBXNativeTarget;
			buildConfigurationList = 48B997C82DE5BCE300D389AD /* Build configuration list for PBXNativeTarget "Off2GoTests" */;
			buildPhases = (
				48B997AD2DE5BCE300D389AD /* Sources */,
				48B997AE2DE5BCE300D389AD /* Frameworks */,
				48B997AF2DE5BCE300D389AD /* Resources */,
			);
			buildRules = (
			);
			dependencies = (
				48B997B32DE5BCE300D389AD /* PBXTargetDependency */,
			);
			fileSystemSynchronizedGroups = (
				48B997B42DE5BCE300D389AD /* Off2GoTests */,
			);
			name = Off2GoTests;
			packageProductDependencies = (
			);
			productName = Off2GoTests;
			productReference = 48B997B12DE5BCE300D389AD /* Off2GoTests.xctest */;
			productType = "com.apple.product-type.bundle.unit-test";
		};
		48B997BA2DE5BCE300D389AD /* Off2GoUITests */ = {
			isa = PBXNativeTarget;
			buildConfigurationList = 48B997CB2DE5BCE300D389AD /* Build configuration list for PBXNativeTarget "Off2GoUITests" */;
			buildPhases = (
				48B997B72DE5BCE300D389AD /* Sources */,
				48B997B82DE5BCE300D389AD /* Frameworks */,
				48B997B92DE5BCE300D389AD /* Resources */,
			);
			buildRules = (
			);
			dependencies = (
				48B997BD2DE5BCE300D389AD /* PBXTargetDependency */,
			);
			fileSystemSynchronizedGroups = (
				48B997BE2DE5BCE300D389AD /* Off2GoUITests */,
			);
			name = Off2GoUITests;
			packageProductDependencies = (
			);
			productName = Off2GoUITests;
			productReference = 48B997BB2DE5BCE300D389AD /* Off2GoUITests.xctest */;
			productType = "com.apple.product-type.bundle.ui-testing";
		};
/* End PBXNativeTarget section */

/* Begin PBXProject section */
		48B997992DE5BCE200D389AD /* Project object */ = {
			isa = PBXProject;
			attributes = {
				BuildIndependentTargetsInParallel = 1;
				LastSwiftUpdateCheck = 1620;
				LastUpgradeCheck = 1620;
				TargetAttributes = {
					48B997A02DE5BCE200D389AD = {
						CreatedOnToolsVersion = 16.2;
					};
					48B997B02DE5BCE300D389AD = {
						CreatedOnToolsVersion = 16.2;
						TestTargetID = 48B997A02DE5BCE200D389AD;
					};
					48B997BA2DE5BCE300D389AD = {
						CreatedOnToolsVersion = 16.2;
						TestTargetID = 48B997A02DE5BCE200D389AD;
					};
				};
			};
			buildConfigurationList = 48B9979C2DE5BCE200D389AD /* Build configuration list for PBXProject "Off2Go" */;
			developmentRegion = en;
			hasScannedForEncodings = 0;
			knownRegions = (
				en,
				Base,
			);
			mainGroup = 48B997982DE5BCE200D389AD;
			minimizedProjectReferenceProxies = 1;
			preferredProjectObjectVersion = 77;
			productRefGroup = 48B997A22DE5BCE200D389AD /* Products */;
			projectDirPath = "";
			projectRoot = "";
			targets = (
				48B997A02DE5BCE200D389AD /* Off2Go */,
				48B997B02DE5BCE300D389AD /* Off2GoTests */,
				48B997BA2DE5BCE300D389AD /* Off2GoUITests */,
			);
		};
/* End PBXProject section */

/* Begin PBXResourcesBuildPhase section */
		48B9979F2DE5BCE200D389AD /* Resources */ = {
			isa = PBXResourcesBuildPhase;
			buildActionMask = 2147483647;
			files = (
			);
			runOnlyForDeploymentPostprocessing = 0;
		};
		48B997AF2DE5BCE300D389AD /* Resources */ = {
			isa = PBXResourcesBuildPhase;
			buildActionMask = 2147483647;
			files = (
			);
			runOnlyForDeploymentPostprocessing = 0;
		};
		48B997B92DE5BCE300D389AD /* Resources */ = {
			isa = PBXResourcesBuildPhase;
			buildActionMask = 2147483647;
			files = (
			);
			runOnlyForDeploymentPostprocessing = 0;
		};
/* End PBXResourcesBuildPhase section */

/* Begin PBXSourcesBuildPhase section */
		48B9979D2DE5BCE200D389AD /* Sources */ = {
			isa = PBXSourcesBuildPhase;
			buildActionMask = 2147483647;
			files = (
			);
			runOnlyForDeploymentPostprocessing = 0;
		};
		48B997AD2DE5BCE300D389AD /* Sources */ = {
			isa = PBXSourcesBuildPhase;
			buildActionMask = 2147483647;
			files = (
			);
			runOnlyForDeploymentPostprocessing = 0;
		};
		48B997B72DE5BCE300D389AD /* Sources */ = {
			isa = PBXSourcesBuildPhase;
			buildActionMask = 2147483647;
			files = (
			);
			runOnlyForDeploymentPostprocessing = 0;
		};
/* End PBXSourcesBuildPhase section */

/* Begin PBXTargetDependency section */
		48B997B32DE5BCE300D389AD /* PBXTargetDependency */ = {
			isa = PBXTargetDependency;
			target = 48B997A02DE5BCE200D389AD /* Off2Go */;
			targetProxy = 48B997B22DE5BCE300D389AD /* PBXContainerItemProxy */;
		};
		48B997BD2DE5BCE300D389AD /* PBXTargetDependency */ = {
			isa = PBXTargetDependency;
			target = 48B997A02DE5BCE200D389AD /* Off2Go */;
			targetProxy = 48B997BC2DE5BCE300D389AD /* PBXContainerItemProxy */;
		};
/* End PBXTargetDependency section */

/* Begin XCBuildConfiguration section */
		48B997C32DE5BCE300D389AD /* Debug */ = {
			isa = XCBuildConfiguration;
			buildSettings = {
				ALWAYS_SEARCH_USER_PATHS = NO;
				ASSETCATALOG_COMPILER_GENERATE_SWIFT_ASSET_SYMBOL_EXTENSIONS = YES;
				CLANG_ANALYZER_NONNULL = YES;
				CLANG_ANALYZER_NUMBER_OBJECT_CONVERSION = YES_AGGRESSIVE;
				CLANG_CXX_LANGUAGE_STANDARD = "gnu++20";
				CLANG_ENABLE_MODULES = YES;
				CLANG_ENABLE_OBJC_ARC = YES;
				CLANG_ENABLE_OBJC_WEAK = YES;
				CLANG_WARN_BLOCK_CAPTURE_AUTORELEASING = YES;
				CLANG_WARN_BOOL_CONVERSION = YES;
				CLANG_WARN_COMMA = YES;
				CLANG_WARN_CONSTANT_CONVERSION = YES;
				CLANG_WARN_DEPRECATED_OBJC_IMPLEMENTATIONS = YES;
				CLANG_WARN_DIRECT_OBJC_ISA_USAGE = YES_ERROR;
				CLANG_WARN_DOCUMENTATION_COMMENTS = YES;
				CLANG_WARN_EMPTY_BODY = YES;
				CLANG_WARN_ENUM_CONVERSION = YES;
				CLANG_WARN_INFINITE_RECURSION = YES;
				CLANG_WARN_INT_CONVERSION = YES;
				CLANG_WARN_NON_LITERAL_NULL_CONVERSION = YES;
				CLANG_WARN_OBJC_IMPLICIT_RETAIN_SELF = YES;
				CLANG_WARN_OBJC_LITERAL_CONVERSION = YES;
				CLANG_WARN_OBJC_ROOT_CLASS = YES_ERROR;
				CLANG_WARN_QUOTED_INCLUDE_IN_FRAMEWORK_HEADER = YES;
				CLANG_WARN_RANGE_LOOP_ANALYSIS = YES;
				CLANG_WARN_STRICT_PROTOTYPES = YES;
				CLANG_WARN_SUSPICIOUS_MOVE = YES;
				CLANG_WARN_UNGUARDED_AVAILABILITY = YES_AGGRESSIVE;
				CLANG_WARN_UNREACHABLE_CODE = YES;
				CLANG_WARN__DUPLICATE_METHOD_MATCH = YES;
				COPY_PHASE_STRIP = NO;
				DEBUG_INFORMATION_FORMAT = dwarf;
				ENABLE_STRICT_OBJC_MSGSEND = YES;
				ENABLE_TESTABILITY = YES;
				ENABLE_USER_SCRIPT_SANDBOXING = YES;
				GCC_C_LANGUAGE_STANDARD = gnu17;
				GCC_DYNAMIC_NO_PIC = NO;
				GCC_NO_COMMON_BLOCKS = YES;
				GCC_OPTIMIZATION_LEVEL = 0;
				GCC_PREPROCESSOR_DEFINITIONS = (
					"DEBUG=1",
					"$(inherited)",
				);
				GCC_WARN_64_TO_32_BIT_CONVERSION = YES;
				GCC_WARN_ABOUT_RETURN_TYPE = YES_ERROR;
				GCC_WARN_UNDECLARED_SELECTOR = YES;
				GCC_WARN_UNINITIALIZED_AUTOS = YES_AGGRESSIVE;
				GCC_WARN_UNUSED_FUNCTION = YES;
				GCC_WARN_UNUSED_VARIABLE = YES;
				IPHONEOS_DEPLOYMENT_TARGET = 18.2;
				LOCALIZATION_PREFERS_STRING_CATALOGS = YES;
				MTL_ENABLE_DEBUG_INFO = INCLUDE_SOURCE;
				MTL_FAST_MATH = YES;
				ONLY_ACTIVE_ARCH = YES;
				SDKROOT = iphoneos;
				SWIFT_ACTIVE_COMPILATION_CONDITIONS = "DEBUG $(inherited)";
				SWIFT_OPTIMIZATION_LEVEL = "-Onone";
			};
			name = Debug;
		};
		48B997C42DE5BCE300D389AD /* Release */ = {
			isa = XCBuildConfiguration;
			buildSettings = {
				ALWAYS_SEARCH_USER_PATHS = NO;
				ASSETCATALOG_COMPILER_GENERATE_SWIFT_ASSET_SYMBOL_EXTENSIONS = YES;
				CLANG_ANALYZER_NONNULL = YES;
				CLANG_ANALYZER_NUMBER_OBJECT_CONVERSION = YES_AGGRESSIVE;
				CLANG_CXX_LANGUAGE_STANDARD = "gnu++20";
				CLANG_ENABLE_MODULES = YES;
				CLANG_ENABLE_OBJC_ARC = YES;
				CLANG_ENABLE_OBJC_WEAK = YES;
				CLANG_WARN_BLOCK_CAPTURE_AUTORELEASING = YES;
				CLANG_WARN_BOOL_CONVERSION = YES;
				CLANG_WARN_COMMA = YES;
				CLANG_WARN_CONSTANT_CONVERSION = YES;
				CLANG_WARN_DEPRECATED_OBJC_IMPLEMENTATIONS = YES;
				CLANG_WARN_DIRECT_OBJC_ISA_USAGE = YES_ERROR;
				CLANG_WARN_DOCUMENTATION_COMMENTS = YES;
				CLANG_WARN_EMPTY_BODY = YES;
				CLANG_WARN_ENUM_CONVERSION = YES;
				CLANG_WARN_INFINITE_RECURSION = YES;
				CLANG_WARN_INT_CONVERSION = YES;
				CLANG_WARN_NON_LITERAL_NULL_CONVERSION = YES;
				CLANG_WARN_OBJC_IMPLICIT_RETAIN_SELF = YES;
				CLANG_WARN_OBJC_LITERAL_CONVERSION = YES;
				CLANG_WARN_OBJC_ROOT_CLASS = YES_ERROR;
				CLANG_WARN_QUOTED_INCLUDE_IN_FRAMEWORK_HEADER = YES;
				CLANG_WARN_RANGE_LOOP_ANALYSIS = YES;
				CLANG_WARN_STRICT_PROTOTYPES = YES;
				CLANG_WARN_SUSPICIOUS_MOVE = YES;
				CLANG_WARN_UNGUARDED_AVAILABILITY = YES_AGGRESSIVE;
				CLANG_WARN_UNREACHABLE_CODE = YES;
				CLANG_WARN__DUPLICATE_METHOD_MATCH = YES;
				COPY_PHASE_STRIP = NO;
				DEBUG_INFORMATION_FORMAT = "dwarf-with-dsym";
				ENABLE_NS_ASSERTIONS = NO;
				ENABLE_STRICT_OBJC_MSGSEND = YES;
				ENABLE_USER_SCRIPT_SANDBOXING = YES;
				GCC_C_LANGUAGE_STANDARD = gnu17;
				GCC_NO_COMMON_BLOCKS = YES;
				GCC_WARN_64_TO_32_BIT_CONVERSION = YES;
				GCC_WARN_ABOUT_RETURN_TYPE = YES_ERROR;
				GCC_WARN_UNDECLARED_SELECTOR = YES;
				GCC_WARN_UNINITIALIZED_AUTOS = YES_AGGRESSIVE;
				GCC_WARN_UNUSED_FUNCTION = YES;
				GCC_WARN_UNUSED_VARIABLE = YES;
				IPHONEOS_DEPLOYMENT_TARGET = 18.2;
				LOCALIZATION_PREFERS_STRING_CATALOGS = YES;
				MTL_ENABLE_DEBUG_INFO = NO;
				MTL_FAST_MATH = YES;
				SDKROOT = iphoneos;
				SWIFT_COMPILATION_MODE = wholemodule;
				VALIDATE_PRODUCT = YES;
			};
			name = Release;
		};
		48B997C62DE5BCE300D389AD /* Debug */ = {
			isa = XCBuildConfiguration;
			buildSettings = {
				ASSETCATALOG_COMPILER_APPICON_NAME = AppIcon;
				ASSETCATALOG_COMPILER_GLOBAL_ACCENT_COLOR_NAME = AccentColor;
				CODE_SIGN_STYLE = Automatic;
				CURRENT_PROJECT_VERSION = 1;
				DEVELOPMENT_ASSET_PATHS = "\"Off2Go/Preview Content\"";
				DEVELOPMENT_TEAM = 6QV8Z29535;
				ENABLE_PREVIEWS = YES;
				GENERATE_INFOPLIST_FILE = YES;
				INFOPLIST_KEY_UIApplicationSceneManifest_Generation = YES;
				INFOPLIST_KEY_UIApplicationSupportsIndirectInputEvents = YES;
				INFOPLIST_KEY_UILaunchScreen_Generation = YES;
				INFOPLIST_KEY_UISupportedInterfaceOrientations_iPad = "UIInterfaceOrientationPortrait UIInterfaceOrientationPortraitUpsideDown UIInterfaceOrientationLandscapeLeft UIInterfaceOrientationLandscapeRight";
				INFOPLIST_KEY_UISupportedInterfaceOrientations_iPhone = "UIInterfaceOrientationPortrait UIInterfaceOrientationLandscapeLeft UIInterfaceOrientationLandscapeRight";
				LD_RUNPATH_SEARCH_PATHS = (
					"$(inherited)",
					"@executable_path/Frameworks",
				);
				MARKETING_VERSION = 1.0;
				PRODUCT_BUNDLE_IDENTIFIER = com.heidie.Off2Go;
				PRODUCT_NAME = "$(TARGET_NAME)";
				SWIFT_EMIT_LOC_STRINGS = YES;
				SWIFT_VERSION = 5.0;
				TARGETED_DEVICE_FAMILY = "1,2";
			};
			name = Debug;
		};
		48B997C72DE5BCE300D389AD /* Release */ = {
			isa = XCBuildConfiguration;
			buildSettings = {
				ASSETCATALOG_COMPILER_APPICON_NAME = AppIcon;
				ASSETCATALOG_COMPILER_GLOBAL_ACCENT_COLOR_NAME = AccentColor;
				CODE_SIGN_STYLE = Automatic;
				CURRENT_PROJECT_VERSION = 1;
				DEVELOPMENT_ASSET_PATHS = "\"Off2Go/Preview Content\"";
				DEVELOPMENT_TEAM = 6QV8Z29535;
				ENABLE_PREVIEWS = YES;
				GENERATE_INFOPLIST_FILE = YES;
				INFOPLIST_KEY_UIApplicationSceneManifest_Generation = YES;
				INFOPLIST_KEY_UIApplicationSupportsIndirectInputEvents = YES;
				INFOPLIST_KEY_UILaunchScreen_Generation = YES;
				INFOPLIST_KEY_UISupportedInterfaceOrientations_iPad = "UIInterfaceOrientationPortrait UIInterfaceOrientationPortraitUpsideDown UIInterfaceOrientationLandscapeLeft UIInterfaceOrientationLandscapeRight";
				INFOPLIST_KEY_UISupportedInterfaceOrientations_iPhone = "UIInterfaceOrientationPortrait UIInterfaceOrientationLandscapeLeft UIInterfaceOrientationLandscapeRight";
				LD_RUNPATH_SEARCH_PATHS = (
					"$(inherited)",
					"@executable_path/Frameworks",
				);
				MARKETING_VERSION = 1.0;
				PRODUCT_BUNDLE_IDENTIFIER = com.heidie.Off2Go;
				PRODUCT_NAME = "$(TARGET_NAME)";
				SWIFT_EMIT_LOC_STRINGS = YES;
				SWIFT_VERSION = 5.0;
				TARGETED_DEVICE_FAMILY = "1,2";
			};
			name = Release;
		};
		48B997C92DE5BCE300D389AD /* Debug */ = {
			isa = XCBuildConfiguration;
			buildSettings = {
				BUNDLE_LOADER = "$(TEST_HOST)";
				CODE_SIGN_STYLE = Automatic;
				CURRENT_PROJECT_VERSION = 1;
				DEVELOPMENT_TEAM = 6QV8Z29535;
				GENERATE_INFOPLIST_FILE = YES;
				IPHONEOS_DEPLOYMENT_TARGET = 18.2;
				MARKETING_VERSION = 1.0;
				PRODUCT_BUNDLE_IDENTIFIER = com.heidie.Off2GoTests;
				PRODUCT_NAME = "$(TARGET_NAME)";
				SWIFT_EMIT_LOC_STRINGS = NO;
				SWIFT_VERSION = 5.0;
				TARGETED_DEVICE_FAMILY = "1,2";
				TEST_HOST = "$(BUILT_PRODUCTS_DIR)/Off2Go.app/$(BUNDLE_EXECUTABLE_FOLDER_PATH)/Off2Go";
			};
			name = Debug;
		};
		48B997CA2DE5BCE300D389AD /* Release */ = {
			isa = XCBuildConfiguration;
			buildSettings = {
				BUNDLE_LOADER = "$(TEST_HOST)";
				CODE_SIGN_STYLE = Automatic;
				CURRENT_PROJECT_VERSION = 1;
				DEVELOPMENT_TEAM = 6QV8Z29535;
				GENERATE_INFOPLIST_FILE = YES;
				IPHONEOS_DEPLOYMENT_TARGET = 18.2;
				MARKETING_VERSION = 1.0;
				PRODUCT_BUNDLE_IDENTIFIER = com.heidie.Off2GoTests;
				PRODUCT_NAME = "$(TARGET_NAME)";
				SWIFT_EMIT_LOC_STRINGS = NO;
				SWIFT_VERSION = 5.0;
				TARGETED_DEVICE_FAMILY = "1,2";
				TEST_HOST = "$(BUILT_PRODUCTS_DIR)/Off2Go.app/$(BUNDLE_EXECUTABLE_FOLDER_PATH)/Off2Go";
			};
			name = Release;
		};
		48B997CC2DE5BCE300D389AD /* Debug */ = {
			isa = XCBuildConfiguration;
			buildSettings = {
				CODE_SIGN_STYLE = Automatic;
				CURRENT_PROJECT_VERSION = 1;
				DEVELOPMENT_TEAM = 6QV8Z29535;
				GENERATE_INFOPLIST_FILE = YES;
				MARKETING_VERSION = 1.0;
				PRODUCT_BUNDLE_IDENTIFIER = com.heidie.Off2GoUITests;
				PRODUCT_NAME = "$(TARGET_NAME)";
				SWIFT_EMIT_LOC_STRINGS = NO;
				SWIFT_VERSION = 5.0;
				TARGETED_DEVICE_FAMILY = "1,2";
				TEST_TARGET_NAME = Off2Go;
			};
			name = Debug;
		};
		48B997CD2DE5BCE300D389AD /* Release */ = {
			isa = XCBuildConfiguration;
			buildSettings = {
				CODE_SIGN_STYLE = Automatic;
				CURRENT_PROJECT_VERSION = 1;
				DEVELOPMENT_TEAM = 6QV8Z29535;
				GENERATE_INFOPLIST_FILE = YES;
				MARKETING_VERSION = 1.0;
				PRODUCT_BUNDLE_IDENTIFIER = com.heidie.Off2GoUITests;
				PRODUCT_NAME = "$(TARGET_NAME)";
				SWIFT_EMIT_LOC_STRINGS = NO;
				SWIFT_VERSION = 5.0;
				TARGETED_DEVICE_FAMILY = "1,2";
				TEST_TARGET_NAME = Off2Go;
			};
			name = Release;
		};
/* End XCBuildConfiguration section */

/* Begin XCConfigurationList section */
		48B9979C2DE5BCE200D389AD /* Build configuration list for PBXProject "Off2Go" */ = {
			isa = XCConfigurationList;
			buildConfigurations = (
				48B997C32DE5BCE300D389AD /* Debug */,
				48B997C42DE5BCE300D389AD /* Release */,
			);
			defaultConfigurationIsVisible = 0;
			defaultConfigurationName = Release;
		};
		48B997C52DE5BCE300D389AD /* Build configuration list for PBXNativeTarget "Off2Go" */ = {
			isa = XCConfigurationList;
			buildConfigurations = (
				48B997C62DE5BCE300D389AD /* Debug */,
				48B997C72DE5BCE300D389AD /* Release */,
			);
			defaultConfigurationIsVisible = 0;
			defaultConfigurationName = Release;
		};
		48B997C82DE5BCE300D389AD /* Build configuration list for PBXNativeTarget "Off2GoTests" */ = {
			isa = XCConfigurationList;
			buildConfigurations = (
				48B997C92DE5BCE300D389AD /* Debug */,
				48B997CA2DE5BCE300D389AD /* Release */,
			);
			defaultConfigurationIsVisible = 0;
			defaultConfigurationName = Release;
		};
		48B997CB2DE5BCE300D389AD /* Build configuration list for PBXNativeTarget "Off2GoUITests" */ = {
			isa = XCConfigurationList;
			buildConfigurations = (
				48B997CC2DE5BCE300D389AD /* Debug */,
				48B997CD2DE5BCE300D389AD /* Release */,
			);
			defaultConfigurationIsVisible = 0;
			defaultConfigurationName = Release;
		};
/* End XCConfigurationList section */
	};
	rootObject = 48B997992DE5BCE200D389AD /* Project object */;
}
